
Microsoft Visual Studio Solution File, Format Version 12.00
# Visual Studio Version 16
VisualStudioVersion = 16.0.31321.278
MinimumVisualStudioVersion = 10.0.40219.1
Project("{9A19103F-16F7-4668-BE54-9A1E7A4F7556}") = "FleetManagement.Seed", "FleetManagement.Seed\FleetManagement.Seed.csproj", "{CB3BA613-021E-4444-95F1-89D049E10C1D}"
EndProject
Project("{9A19103F-16F7-4668-BE54-9A1E7A4F7556}") = "FleetManagement.Test", "FleetManagement.Test\FleetManagement.Test.csproj", "{750F17C1-17FD-4922-B321-D2D6673ACC44}"
EndProject
Project("{9A19103F-16F7-4668-BE54-9A1E7A4F7556}") = "FleetManagement.DAL", "FleetManagement.DAL\FleetManagement.DAL.csproj", "{659E7017-51AB-4130-ACED-C1D436460E22}"
EndProject
Project("{9A19103F-16F7-4668-BE54-9A1E7A4F7556}") = "FleetManagement.Domain", "FleetManagement.Domain\FleetManagement.Domain.csproj", "{32A024D0-CDE0-4147-8063-033F8F4C6E4E}"
EndProject
Project("{9A19103F-16F7-4668-BE54-9A1E7A4F7556}") = "FleetManagment.ReadAPI", "FleetManagement.ReadAPI\FleetManagment.ReadAPI.csproj", "{A75161C4-6C30-4770-8489-2EEA2039BE40}"
EndProject
Project("{9A19103F-16F7-4668-BE54-9A1E7A4F7556}") = "FleetManagment.WriteAPI", "FleetManagement.WriteAPI\FleetManagment.WriteAPI.csproj", "{7578FA61-22E4-4B71-BF79-23FE8886D35E}"
EndProject
Project("{9A19103F-16F7-4668-BE54-9A1E7A4F7556}") = "FleetManagement.BL", "FleetManagement.BL\FleetManagement.BL.csproj", "{B9930D26-353A-4EAD-BA69-2386F24285DD}"
EndProject
Project("{9A19103F-16F7-4668-BE54-9A1E7A4F7556}") = "Fleetmanagement.Identity", "Fleetmanagement.Identity\Fleetmanagement.Identity.csproj", "{9A66CEE4-2988-4C30-A581-5EBA46C4B704}"
EndProject
Project("{9A19103F-16F7-4668-BE54-9A1E7A4F7556}") = "Fleetmanagement.Identity2", "Fleetmanagement.Identity2\Fleetmanagement.Identity2.csproj", "{5A9FEC44-E023-4616-84A7-078A0940E377}"
EndProject
Global
	GlobalSection(SolutionConfigurationPlatforms) = preSolution
		Debug|Any CPU = Debug|Any CPU
		Release|Any CPU = Release|Any CPU
	EndGlobalSection
	GlobalSection(ProjectConfigurationPlatforms) = postSolution
		{CB3BA613-021E-4444-95F1-89D049E10C1D}.Debug|Any CPU.ActiveCfg = Debug|Any CPU
		{CB3BA613-021E-4444-95F1-89D049E10C1D}.Debug|Any CPU.Build.0 = Debug|Any CPU
		{CB3BA613-021E-4444-95F1-89D049E10C1D}.Release|Any CPU.ActiveCfg = Release|Any CPU
		{CB3BA613-021E-4444-95F1-89D049E10C1D}.Release|Any CPU.Build.0 = Release|Any CPU
		{750F17C1-17FD-4922-B321-D2D6673ACC44}.Debug|Any CPU.ActiveCfg = Debug|Any CPU
		{750F17C1-17FD-4922-B321-D2D6673ACC44}.Debug|Any CPU.Build.0 = Debug|Any CPU
		{750F17C1-17FD-4922-B321-D2D6673ACC44}.Release|Any CPU.ActiveCfg = Release|Any CPU
		{750F17C1-17FD-4922-B321-D2D6673ACC44}.Release|Any CPU.Build.0 = Release|Any CPU
		{659E7017-51AB-4130-ACED-C1D436460E22}.Debug|Any CPU.ActiveCfg = Debug|Any CPU
		{659E7017-51AB-4130-ACED-C1D436460E22}.Debug|Any CPU.Build.0 = Debug|Any CPU
		{659E7017-51AB-4130-ACED-C1D436460E22}.Release|Any CPU.ActiveCfg = Release|Any CPU
		{659E7017-51AB-4130-ACED-C1D436460E22}.Release|Any CPU.Build.0 = Release|Any CPU
		{32A024D0-CDE0-4147-8063-033F8F4C6E4E}.Debug|Any CPU.ActiveCfg = Debug|Any CPU
		{32A024D0-CDE0-4147-8063-033F8F4C6E4E}.Debug|Any CPU.Build.0 = Debug|Any CPU
		{32A024D0-CDE0-4147-8063-033F8F4C6E4E}.Release|Any CPU.ActiveCfg = Release|Any CPU
		{32A024D0-CDE0-4147-8063-033F8F4C6E4E}.Release|Any CPU.Build.0 = Release|Any CPU
		{A75161C4-6C30-4770-8489-2EEA2039BE40}.Debug|Any CPU.ActiveCfg = Debug|Any CPU
		{A75161C4-6C30-4770-8489-2EEA2039BE40}.Debug|Any CPU.Build.0 = Debug|Any CPU
		{A75161C4-6C30-4770-8489-2EEA2039BE40}.Release|Any CPU.ActiveCfg = Release|Any CPU
		{A75161C4-6C30-4770-8489-2EEA2039BE40}.Release|Any CPU.Build.0 = Release|Any CPU
		{7578FA61-22E4-4B71-BF79-23FE8886D35E}.Debug|Any CPU.ActiveCfg = Debug|Any CPU
		{7578FA61-22E4-4B71-BF79-23FE8886D35E}.Debug|Any CPU.Build.0 = Debug|Any CPU
		{7578FA61-22E4-4B71-BF79-23FE8886D35E}.Release|Any CPU.ActiveCfg = Release|Any CPU
		{7578FA61-22E4-4B71-BF79-23FE8886D35E}.Release|Any CPU.Build.0 = Release|Any CPU
		{B9930D26-353A-4EAD-BA69-2386F24285DD}.Debug|Any CPU.ActiveCfg = Debug|Any CPU
		{B9930D26-353A-4EAD-BA69-2386F24285DD}.Debug|Any CPU.Build.0 = Debug|Any CPU
		{B9930D26-353A-4EAD-BA69-2386F24285DD}.Release|Any CPU.ActiveCfg = Release|Any CPU
		{B9930D26-353A-4EAD-BA69-2386F24285DD}.Release|Any CPU.Build.0 = Release|Any CPU
		{9A66CEE4-2988-4C30-A581-5EBA46C4B704}.Debug|Any CPU.ActiveCfg = Debug|Any CPU
		{9A66CEE4-2988-4C30-A581-5EBA46C4B704}.Debug|Any CPU.Build.0 = Debug|Any CPU
		{9A66CEE4-2988-4C30-A581-5EBA46C4B704}.Release|Any CPU.ActiveCfg = Release|Any CPU
		{9A66CEE4-2988-4C30-A581-5EBA46C4B704}.Release|Any CPU.Build.0 = Release|Any CPU
		{5A9FEC44-E023-4616-84A7-078A0940E377}.Debug|Any CPU.ActiveCfg = Debug|Any CPU
		{5A9FEC44-E023-4616-84A7-078A0940E377}.Debug|Any CPU.Build.0 = Debug|Any CPU
		{5A9FEC44-E023-4616-84A7-078A0940E377}.Release|Any CPU.ActiveCfg = Release|Any CPU
		{5A9FEC44-E023-4616-84A7-078A0940E377}.Release|Any CPU.Build.0 = Release|Any CPU
	EndGlobalSection
	GlobalSection(SolutionProperties) = preSolution
		HideSolutionNode = FALSE
	EndGlobalSection
	GlobalSection(ExtensibilityGlobals) = postSolution
		SolutionGuid = {F32025E0-5A64-46C6-AFA1-4D70CEC39516}
	EndGlobalSection
EndGlobal
