
Microsoft Visual Studio Solution File, Format Version 12.00
# Visual Studio Version 16
VisualStudioVersion = 16.0.31321.278
MinimumVisualStudioVersion = 10.0.40219.1
Project("{9A19103F-16F7-4668-BE54-9A1E7A4F7556}") = "FleetManagement.Seed", "FleetManagement.Seed\FleetManagement.Seed.csproj", "{CB3BA613-021E-4444-95F1-89D049E10C1D}"
EndProject
Project("{9A19103F-16F7-4668-BE54-9A1E7A4F7556}") = "FleetManagement.Test", "FleetManagement.Test\FleetManagement.Test.csproj", "{750F17C1-17FD-4922-B321-D2D6673ACC44}"
EndProject
Project("{9A19103F-16F7-4668-BE54-9A1E7A4F7556}") = "FleetManagement.DAL", "FleetManagement.DAL\FleetManagement.DAL.csproj", "{659E7017-51AB-4130-ACED-C1D436460E22}"
EndProject
Project("{9A19103F-16F7-4668-BE54-9A1E7A4F7556}") = "FleetManagement.Domain", "FleetManagement.Domain\FleetManagement.Domain.csproj", "{32A024D0-CDE0-4147-8063-033F8F4C6E4E}"
EndProject
Project("{9A19103F-16F7-4668-BE54-9A1E7A4F7556}") = "FleetManagement.ReadAPI", "FleetManagement.ReadAPI\FleetManagement.ReadAPI.csproj", "{A75161C4-6C30-4770-8489-2EEA2039BE40}"
EndProject
Project("{9A19103F-16F7-4668-BE54-9A1E7A4F7556}") = "FleetManagement.WriteAPI", "FleetManagement.WriteAPI\FleetManagement.WriteAPI.csproj", "{7578FA61-22E4-4B71-BF79-23FE8886D35E}"
EndProject
Project("{9A19103F-16F7-4668-BE54-9A1E7A4F7556}") = "FleetManagement.BL", "FleetManagement.BL\FleetManagement.BL.csproj", "{B9930D26-353A-4EAD-BA69-2386F24285DD}"
EndProject
Project("{9A19103F-16F7-4668-BE54-9A1E7A4F7556}") = "FleetManagement.IdentityProvider", "Fleetmanagement.IdentityProvider\FleetManagement.IdentityProvider.csproj", "{E5839442-8CBA-4AEC-A567-F161E5A53611}"
EndProject
Project("{9A19103F-16F7-4668-BE54-9A1E7A4F7556}") = "Fleetmanagement.GrpcAPI", "Fleetmanagement.GrpcAPI\Fleetmanagement.GrpcAPI.csproj", "{FD0AC89A-2069-4DB6-92C3-D1A0D4E90CE8}"
EndProject
Project("{2150E333-8FDC-42A3-9474-1A3956D46DE8}") = "01-Presentation", "01-Presentation", "{C15AF901-481B-498D-A393-B79F712BFC3E}"
EndProject
Project("{2150E333-8FDC-42A3-9474-1A3956D46DE8}") = "03-Core", "03-Core", "{4209694B-2ECF-49C4-B67B-AE1454D9F478}"
EndProject
Project("{2150E333-8FDC-42A3-9474-1A3956D46DE8}") = "04-DataAccess", "04-DataAccess", "{EFCF8E62-9291-4F77-89BC-A7187C58329B}"
EndProject
Project("{2150E333-8FDC-42A3-9474-1A3956D46DE8}") = "02-API", "02-API", "{F2AE4B63-A749-4166-A92B-45C49AA1B2BE}"
EndProject
Project("{2150E333-8FDC-42A3-9474-1A3956D46DE8}") = "05-Security", "05-Security", "{24953924-0E39-4441-884F-873226333129}"
EndProject
Project("{2150E333-8FDC-42A3-9474-1A3956D46DE8}") = "06-Test", "06-Test", "{48283483-E98C-44C1-9F28-2D12507C4E94}"
EndProject
Project("{C7167F0D-BC9F-4E6E-AFE1-012C56B48DB5}") = "FleetManagement.AdminApp (Package)", "FleetManagement.AdminApp\FleetManagement.AdminApp (Package)\FleetManagement.AdminApp (Package).wapproj", "{9C560EE9-1F50-4159-B12E-546104F013FC}"
EndProject
Project("{9A19103F-16F7-4668-BE54-9A1E7A4F7556}") = "FleetManagement.AdminApp", "FleetManagement.AdminApp\FleetManagement.AdminApp\FleetManagement.AdminApp.csproj", "{56208A95-F43A-48F1-A878-528DDB8B2F90}"
EndProject
Project("{9A19103F-16F7-4668-BE54-9A1E7A4F7556}") = "FleetManagement.GrpcClientLibrary", "FleetManagement.GrpcClientLibrary\FleetManagement.GrpcClientLibrary.csproj", "{B4251583-9984-4E9C-95F0-12AF73D3E9D9}"
EndProject
Project("{9A19103F-16F7-4668-BE54-9A1E7A4F7556}") = "Fleetmanagement.GrpcConsoleTest", "Fleetmanagement.GrpcConsoleTest\Fleetmanagement.GrpcConsoleTest.csproj", "{52A30ABF-FDB3-4A83-ACAF-19CE7D392B99}"
EndProject
Project("{FAE04EC0-301F-11D3-BF4B-00C04F79EFBC}") = "Fleetmanagement.Admin.WPF", "Fleetmanagement.Admin.WPF\Fleetmanagement.Admin.WPF.csproj", "{4CBD7EEB-0898-45E4-903A-D5E4C9D3FD52}"
EndProject
Global
	GlobalSection(SolutionConfigurationPlatforms) = preSolution
		Debug|Any CPU = Debug|Any CPU
		Debug|arm64 = Debug|arm64
		Debug|x64 = Debug|x64
		Debug|x86 = Debug|x86
		Release|Any CPU = Release|Any CPU
		Release|arm64 = Release|arm64
		Release|x64 = Release|x64
		Release|x86 = Release|x86
	EndGlobalSection
	GlobalSection(ProjectConfigurationPlatforms) = postSolution
		{CB3BA613-021E-4444-95F1-89D049E10C1D}.Debug|Any CPU.ActiveCfg = Debug|Any CPU
		{CB3BA613-021E-4444-95F1-89D049E10C1D}.Debug|Any CPU.Build.0 = Debug|Any CPU
		{CB3BA613-021E-4444-95F1-89D049E10C1D}.Debug|arm64.ActiveCfg = Debug|Any CPU
		{CB3BA613-021E-4444-95F1-89D049E10C1D}.Debug|arm64.Build.0 = Debug|Any CPU
		{CB3BA613-021E-4444-95F1-89D049E10C1D}.Debug|x64.ActiveCfg = Debug|Any CPU
		{CB3BA613-021E-4444-95F1-89D049E10C1D}.Debug|x64.Build.0 = Debug|Any CPU
		{CB3BA613-021E-4444-95F1-89D049E10C1D}.Debug|x86.ActiveCfg = Debug|Any CPU
		{CB3BA613-021E-4444-95F1-89D049E10C1D}.Debug|x86.Build.0 = Debug|Any CPU
		{CB3BA613-021E-4444-95F1-89D049E10C1D}.Release|Any CPU.ActiveCfg = Release|Any CPU
		{CB3BA613-021E-4444-95F1-89D049E10C1D}.Release|Any CPU.Build.0 = Release|Any CPU
		{CB3BA613-021E-4444-95F1-89D049E10C1D}.Release|arm64.ActiveCfg = Release|Any CPU
		{CB3BA613-021E-4444-95F1-89D049E10C1D}.Release|arm64.Build.0 = Release|Any CPU
		{CB3BA613-021E-4444-95F1-89D049E10C1D}.Release|x64.ActiveCfg = Release|Any CPU
		{CB3BA613-021E-4444-95F1-89D049E10C1D}.Release|x64.Build.0 = Release|Any CPU
		{CB3BA613-021E-4444-95F1-89D049E10C1D}.Release|x86.ActiveCfg = Release|Any CPU
		{CB3BA613-021E-4444-95F1-89D049E10C1D}.Release|x86.Build.0 = Release|Any CPU
		{750F17C1-17FD-4922-B321-D2D6673ACC44}.Debug|Any CPU.ActiveCfg = Debug|Any CPU
		{750F17C1-17FD-4922-B321-D2D6673ACC44}.Debug|Any CPU.Build.0 = Debug|Any CPU
		{750F17C1-17FD-4922-B321-D2D6673ACC44}.Debug|arm64.ActiveCfg = Debug|Any CPU
		{750F17C1-17FD-4922-B321-D2D6673ACC44}.Debug|arm64.Build.0 = Debug|Any CPU
		{750F17C1-17FD-4922-B321-D2D6673ACC44}.Debug|x64.ActiveCfg = Debug|Any CPU
		{750F17C1-17FD-4922-B321-D2D6673ACC44}.Debug|x64.Build.0 = Debug|Any CPU
		{750F17C1-17FD-4922-B321-D2D6673ACC44}.Debug|x86.ActiveCfg = Debug|Any CPU
		{750F17C1-17FD-4922-B321-D2D6673ACC44}.Debug|x86.Build.0 = Debug|Any CPU
		{750F17C1-17FD-4922-B321-D2D6673ACC44}.Release|Any CPU.ActiveCfg = Release|Any CPU
		{750F17C1-17FD-4922-B321-D2D6673ACC44}.Release|Any CPU.Build.0 = Release|Any CPU
		{750F17C1-17FD-4922-B321-D2D6673ACC44}.Release|arm64.ActiveCfg = Release|Any CPU
		{750F17C1-17FD-4922-B321-D2D6673ACC44}.Release|arm64.Build.0 = Release|Any CPU
		{750F17C1-17FD-4922-B321-D2D6673ACC44}.Release|x64.ActiveCfg = Release|Any CPU
		{750F17C1-17FD-4922-B321-D2D6673ACC44}.Release|x64.Build.0 = Release|Any CPU
		{750F17C1-17FD-4922-B321-D2D6673ACC44}.Release|x86.ActiveCfg = Release|Any CPU
		{750F17C1-17FD-4922-B321-D2D6673ACC44}.Release|x86.Build.0 = Release|Any CPU
		{659E7017-51AB-4130-ACED-C1D436460E22}.Debug|Any CPU.ActiveCfg = Debug|Any CPU
		{659E7017-51AB-4130-ACED-C1D436460E22}.Debug|Any CPU.Build.0 = Debug|Any CPU
		{659E7017-51AB-4130-ACED-C1D436460E22}.Debug|arm64.ActiveCfg = Debug|Any CPU
		{659E7017-51AB-4130-ACED-C1D436460E22}.Debug|arm64.Build.0 = Debug|Any CPU
		{659E7017-51AB-4130-ACED-C1D436460E22}.Debug|x64.ActiveCfg = Debug|Any CPU
		{659E7017-51AB-4130-ACED-C1D436460E22}.Debug|x64.Build.0 = Debug|Any CPU
		{659E7017-51AB-4130-ACED-C1D436460E22}.Debug|x86.ActiveCfg = Debug|Any CPU
		{659E7017-51AB-4130-ACED-C1D436460E22}.Debug|x86.Build.0 = Debug|Any CPU
		{659E7017-51AB-4130-ACED-C1D436460E22}.Release|Any CPU.ActiveCfg = Release|Any CPU
		{659E7017-51AB-4130-ACED-C1D436460E22}.Release|Any CPU.Build.0 = Release|Any CPU
		{659E7017-51AB-4130-ACED-C1D436460E22}.Release|arm64.ActiveCfg = Release|Any CPU
		{659E7017-51AB-4130-ACED-C1D436460E22}.Release|arm64.Build.0 = Release|Any CPU
		{659E7017-51AB-4130-ACED-C1D436460E22}.Release|x64.ActiveCfg = Release|Any CPU
		{659E7017-51AB-4130-ACED-C1D436460E22}.Release|x64.Build.0 = Release|Any CPU
		{659E7017-51AB-4130-ACED-C1D436460E22}.Release|x86.ActiveCfg = Release|Any CPU
		{659E7017-51AB-4130-ACED-C1D436460E22}.Release|x86.Build.0 = Release|Any CPU
		{32A024D0-CDE0-4147-8063-033F8F4C6E4E}.Debug|Any CPU.ActiveCfg = Debug|Any CPU
		{32A024D0-CDE0-4147-8063-033F8F4C6E4E}.Debug|Any CPU.Build.0 = Debug|Any CPU
		{32A024D0-CDE0-4147-8063-033F8F4C6E4E}.Debug|arm64.ActiveCfg = Debug|Any CPU
		{32A024D0-CDE0-4147-8063-033F8F4C6E4E}.Debug|arm64.Build.0 = Debug|Any CPU
		{32A024D0-CDE0-4147-8063-033F8F4C6E4E}.Debug|x64.ActiveCfg = Debug|Any CPU
		{32A024D0-CDE0-4147-8063-033F8F4C6E4E}.Debug|x64.Build.0 = Debug|Any CPU
		{32A024D0-CDE0-4147-8063-033F8F4C6E4E}.Debug|x86.ActiveCfg = Debug|Any CPU
		{32A024D0-CDE0-4147-8063-033F8F4C6E4E}.Debug|x86.Build.0 = Debug|Any CPU
		{32A024D0-CDE0-4147-8063-033F8F4C6E4E}.Release|Any CPU.ActiveCfg = Release|Any CPU
		{32A024D0-CDE0-4147-8063-033F8F4C6E4E}.Release|Any CPU.Build.0 = Release|Any CPU
		{32A024D0-CDE0-4147-8063-033F8F4C6E4E}.Release|arm64.ActiveCfg = Release|Any CPU
		{32A024D0-CDE0-4147-8063-033F8F4C6E4E}.Release|arm64.Build.0 = Release|Any CPU
		{32A024D0-CDE0-4147-8063-033F8F4C6E4E}.Release|x64.ActiveCfg = Release|Any CPU
		{32A024D0-CDE0-4147-8063-033F8F4C6E4E}.Release|x64.Build.0 = Release|Any CPU
		{32A024D0-CDE0-4147-8063-033F8F4C6E4E}.Release|x86.ActiveCfg = Release|Any CPU
		{32A024D0-CDE0-4147-8063-033F8F4C6E4E}.Release|x86.Build.0 = Release|Any CPU
		{A75161C4-6C30-4770-8489-2EEA2039BE40}.Debug|Any CPU.ActiveCfg = Debug|Any CPU
		{A75161C4-6C30-4770-8489-2EEA2039BE40}.Debug|Any CPU.Build.0 = Debug|Any CPU
		{A75161C4-6C30-4770-8489-2EEA2039BE40}.Debug|arm64.ActiveCfg = Debug|Any CPU
		{A75161C4-6C30-4770-8489-2EEA2039BE40}.Debug|arm64.Build.0 = Debug|Any CPU
		{A75161C4-6C30-4770-8489-2EEA2039BE40}.Debug|x64.ActiveCfg = Debug|Any CPU
		{A75161C4-6C30-4770-8489-2EEA2039BE40}.Debug|x64.Build.0 = Debug|Any CPU
		{A75161C4-6C30-4770-8489-2EEA2039BE40}.Debug|x86.ActiveCfg = Debug|Any CPU
		{A75161C4-6C30-4770-8489-2EEA2039BE40}.Debug|x86.Build.0 = Debug|Any CPU
		{A75161C4-6C30-4770-8489-2EEA2039BE40}.Release|Any CPU.ActiveCfg = Release|Any CPU
		{A75161C4-6C30-4770-8489-2EEA2039BE40}.Release|Any CPU.Build.0 = Release|Any CPU
		{A75161C4-6C30-4770-8489-2EEA2039BE40}.Release|arm64.ActiveCfg = Release|Any CPU
		{A75161C4-6C30-4770-8489-2EEA2039BE40}.Release|arm64.Build.0 = Release|Any CPU
		{A75161C4-6C30-4770-8489-2EEA2039BE40}.Release|x64.ActiveCfg = Release|Any CPU
		{A75161C4-6C30-4770-8489-2EEA2039BE40}.Release|x64.Build.0 = Release|Any CPU
		{A75161C4-6C30-4770-8489-2EEA2039BE40}.Release|x86.ActiveCfg = Release|Any CPU
		{A75161C4-6C30-4770-8489-2EEA2039BE40}.Release|x86.Build.0 = Release|Any CPU
		{7578FA61-22E4-4B71-BF79-23FE8886D35E}.Debug|Any CPU.ActiveCfg = Debug|Any CPU
		{7578FA61-22E4-4B71-BF79-23FE8886D35E}.Debug|Any CPU.Build.0 = Debug|Any CPU
		{7578FA61-22E4-4B71-BF79-23FE8886D35E}.Debug|arm64.ActiveCfg = Debug|Any CPU
		{7578FA61-22E4-4B71-BF79-23FE8886D35E}.Debug|arm64.Build.0 = Debug|Any CPU
		{7578FA61-22E4-4B71-BF79-23FE8886D35E}.Debug|x64.ActiveCfg = Debug|Any CPU
		{7578FA61-22E4-4B71-BF79-23FE8886D35E}.Debug|x64.Build.0 = Debug|Any CPU
		{7578FA61-22E4-4B71-BF79-23FE8886D35E}.Debug|x86.ActiveCfg = Debug|Any CPU
		{7578FA61-22E4-4B71-BF79-23FE8886D35E}.Debug|x86.Build.0 = Debug|Any CPU
		{7578FA61-22E4-4B71-BF79-23FE8886D35E}.Release|Any CPU.ActiveCfg = Release|Any CPU
		{7578FA61-22E4-4B71-BF79-23FE8886D35E}.Release|Any CPU.Build.0 = Release|Any CPU
		{7578FA61-22E4-4B71-BF79-23FE8886D35E}.Release|arm64.ActiveCfg = Release|Any CPU
		{7578FA61-22E4-4B71-BF79-23FE8886D35E}.Release|arm64.Build.0 = Release|Any CPU
		{7578FA61-22E4-4B71-BF79-23FE8886D35E}.Release|x64.ActiveCfg = Release|Any CPU
		{7578FA61-22E4-4B71-BF79-23FE8886D35E}.Release|x64.Build.0 = Release|Any CPU
		{7578FA61-22E4-4B71-BF79-23FE8886D35E}.Release|x86.ActiveCfg = Release|Any CPU
		{7578FA61-22E4-4B71-BF79-23FE8886D35E}.Release|x86.Build.0 = Release|Any CPU
		{B9930D26-353A-4EAD-BA69-2386F24285DD}.Debug|Any CPU.ActiveCfg = Debug|Any CPU
		{B9930D26-353A-4EAD-BA69-2386F24285DD}.Debug|Any CPU.Build.0 = Debug|Any CPU
		{B9930D26-353A-4EAD-BA69-2386F24285DD}.Debug|arm64.ActiveCfg = Debug|Any CPU
		{B9930D26-353A-4EAD-BA69-2386F24285DD}.Debug|arm64.Build.0 = Debug|Any CPU
		{B9930D26-353A-4EAD-BA69-2386F24285DD}.Debug|x64.ActiveCfg = Debug|Any CPU
		{B9930D26-353A-4EAD-BA69-2386F24285DD}.Debug|x64.Build.0 = Debug|Any CPU
		{B9930D26-353A-4EAD-BA69-2386F24285DD}.Debug|x86.ActiveCfg = Debug|Any CPU
		{B9930D26-353A-4EAD-BA69-2386F24285DD}.Debug|x86.Build.0 = Debug|Any CPU
		{B9930D26-353A-4EAD-BA69-2386F24285DD}.Release|Any CPU.ActiveCfg = Release|Any CPU
		{B9930D26-353A-4EAD-BA69-2386F24285DD}.Release|Any CPU.Build.0 = Release|Any CPU
		{B9930D26-353A-4EAD-BA69-2386F24285DD}.Release|arm64.ActiveCfg = Release|Any CPU
		{B9930D26-353A-4EAD-BA69-2386F24285DD}.Release|arm64.Build.0 = Release|Any CPU
		{B9930D26-353A-4EAD-BA69-2386F24285DD}.Release|x64.ActiveCfg = Release|Any CPU
		{B9930D26-353A-4EAD-BA69-2386F24285DD}.Release|x64.Build.0 = Release|Any CPU
		{B9930D26-353A-4EAD-BA69-2386F24285DD}.Release|x86.ActiveCfg = Release|Any CPU
		{B9930D26-353A-4EAD-BA69-2386F24285DD}.Release|x86.Build.0 = Release|Any CPU
		{E5839442-8CBA-4AEC-A567-F161E5A53611}.Debug|Any CPU.ActiveCfg = Debug|Any CPU
		{E5839442-8CBA-4AEC-A567-F161E5A53611}.Debug|Any CPU.Build.0 = Debug|Any CPU
		{E5839442-8CBA-4AEC-A567-F161E5A53611}.Debug|arm64.ActiveCfg = Debug|Any CPU
		{E5839442-8CBA-4AEC-A567-F161E5A53611}.Debug|arm64.Build.0 = Debug|Any CPU
		{E5839442-8CBA-4AEC-A567-F161E5A53611}.Debug|x64.ActiveCfg = Debug|Any CPU
		{E5839442-8CBA-4AEC-A567-F161E5A53611}.Debug|x64.Build.0 = Debug|Any CPU
		{E5839442-8CBA-4AEC-A567-F161E5A53611}.Debug|x86.ActiveCfg = Debug|Any CPU
		{E5839442-8CBA-4AEC-A567-F161E5A53611}.Debug|x86.Build.0 = Debug|Any CPU
		{E5839442-8CBA-4AEC-A567-F161E5A53611}.Release|Any CPU.ActiveCfg = Release|Any CPU
		{E5839442-8CBA-4AEC-A567-F161E5A53611}.Release|Any CPU.Build.0 = Release|Any CPU
		{E5839442-8CBA-4AEC-A567-F161E5A53611}.Release|arm64.ActiveCfg = Release|Any CPU
		{E5839442-8CBA-4AEC-A567-F161E5A53611}.Release|arm64.Build.0 = Release|Any CPU
		{E5839442-8CBA-4AEC-A567-F161E5A53611}.Release|x64.ActiveCfg = Release|Any CPU
		{E5839442-8CBA-4AEC-A567-F161E5A53611}.Release|x64.Build.0 = Release|Any CPU
		{E5839442-8CBA-4AEC-A567-F161E5A53611}.Release|x86.ActiveCfg = Release|Any CPU
		{E5839442-8CBA-4AEC-A567-F161E5A53611}.Release|x86.Build.0 = Release|Any CPU
		{FD0AC89A-2069-4DB6-92C3-D1A0D4E90CE8}.Debug|Any CPU.ActiveCfg = Debug|Any CPU
		{FD0AC89A-2069-4DB6-92C3-D1A0D4E90CE8}.Debug|Any CPU.Build.0 = Debug|Any CPU
		{FD0AC89A-2069-4DB6-92C3-D1A0D4E90CE8}.Debug|arm64.ActiveCfg = Debug|Any CPU
		{FD0AC89A-2069-4DB6-92C3-D1A0D4E90CE8}.Debug|arm64.Build.0 = Debug|Any CPU
		{FD0AC89A-2069-4DB6-92C3-D1A0D4E90CE8}.Debug|x64.ActiveCfg = Debug|Any CPU
		{FD0AC89A-2069-4DB6-92C3-D1A0D4E90CE8}.Debug|x64.Build.0 = Debug|Any CPU
		{FD0AC89A-2069-4DB6-92C3-D1A0D4E90CE8}.Debug|x86.ActiveCfg = Debug|Any CPU
		{FD0AC89A-2069-4DB6-92C3-D1A0D4E90CE8}.Debug|x86.Build.0 = Debug|Any CPU
		{FD0AC89A-2069-4DB6-92C3-D1A0D4E90CE8}.Release|Any CPU.ActiveCfg = Release|Any CPU
		{FD0AC89A-2069-4DB6-92C3-D1A0D4E90CE8}.Release|Any CPU.Build.0 = Release|Any CPU
		{FD0AC89A-2069-4DB6-92C3-D1A0D4E90CE8}.Release|arm64.ActiveCfg = Release|Any CPU
		{FD0AC89A-2069-4DB6-92C3-D1A0D4E90CE8}.Release|arm64.Build.0 = Release|Any CPU
		{FD0AC89A-2069-4DB6-92C3-D1A0D4E90CE8}.Release|x64.ActiveCfg = Release|Any CPU
		{FD0AC89A-2069-4DB6-92C3-D1A0D4E90CE8}.Release|x64.Build.0 = Release|Any CPU
		{FD0AC89A-2069-4DB6-92C3-D1A0D4E90CE8}.Release|x86.ActiveCfg = Release|Any CPU
		{FD0AC89A-2069-4DB6-92C3-D1A0D4E90CE8}.Release|x86.Build.0 = Release|Any CPU
		{9C560EE9-1F50-4159-B12E-546104F013FC}.Debug|Any CPU.ActiveCfg = Debug|x86
		{9C560EE9-1F50-4159-B12E-546104F013FC}.Debug|Any CPU.Build.0 = Debug|x86
		{9C560EE9-1F50-4159-B12E-546104F013FC}.Debug|Any CPU.Deploy.0 = Debug|x86
		{9C560EE9-1F50-4159-B12E-546104F013FC}.Debug|arm64.ActiveCfg = Debug|arm64
		{9C560EE9-1F50-4159-B12E-546104F013FC}.Debug|arm64.Build.0 = Debug|arm64
		{9C560EE9-1F50-4159-B12E-546104F013FC}.Debug|arm64.Deploy.0 = Debug|arm64
		{9C560EE9-1F50-4159-B12E-546104F013FC}.Debug|x64.ActiveCfg = Debug|x64
		{9C560EE9-1F50-4159-B12E-546104F013FC}.Debug|x64.Build.0 = Debug|x64
		{9C560EE9-1F50-4159-B12E-546104F013FC}.Debug|x64.Deploy.0 = Debug|x64
		{9C560EE9-1F50-4159-B12E-546104F013FC}.Debug|x86.ActiveCfg = Debug|x86
		{9C560EE9-1F50-4159-B12E-546104F013FC}.Debug|x86.Build.0 = Debug|x86
		{9C560EE9-1F50-4159-B12E-546104F013FC}.Debug|x86.Deploy.0 = Debug|x86
		{9C560EE9-1F50-4159-B12E-546104F013FC}.Release|Any CPU.ActiveCfg = Release|x86
		{9C560EE9-1F50-4159-B12E-546104F013FC}.Release|arm64.ActiveCfg = Release|arm64
		{9C560EE9-1F50-4159-B12E-546104F013FC}.Release|arm64.Build.0 = Release|arm64
		{9C560EE9-1F50-4159-B12E-546104F013FC}.Release|arm64.Deploy.0 = Release|arm64
		{9C560EE9-1F50-4159-B12E-546104F013FC}.Release|x64.ActiveCfg = Release|x64
		{9C560EE9-1F50-4159-B12E-546104F013FC}.Release|x64.Build.0 = Release|x64
		{9C560EE9-1F50-4159-B12E-546104F013FC}.Release|x64.Deploy.0 = Release|x64
		{9C560EE9-1F50-4159-B12E-546104F013FC}.Release|x86.ActiveCfg = Release|x86
		{9C560EE9-1F50-4159-B12E-546104F013FC}.Release|x86.Build.0 = Release|x86
		{9C560EE9-1F50-4159-B12E-546104F013FC}.Release|x86.Deploy.0 = Release|x86
		{56208A95-F43A-48F1-A878-528DDB8B2F90}.Debug|Any CPU.ActiveCfg = Debug|x86
		{56208A95-F43A-48F1-A878-528DDB8B2F90}.Debug|Any CPU.Build.0 = Debug|x86
		{56208A95-F43A-48F1-A878-528DDB8B2F90}.Debug|arm64.ActiveCfg = Debug|arm64
		{56208A95-F43A-48F1-A878-528DDB8B2F90}.Debug|arm64.Build.0 = Debug|arm64
		{56208A95-F43A-48F1-A878-528DDB8B2F90}.Debug|x64.ActiveCfg = Debug|x64
		{56208A95-F43A-48F1-A878-528DDB8B2F90}.Debug|x64.Build.0 = Debug|x64
		{56208A95-F43A-48F1-A878-528DDB8B2F90}.Debug|x86.ActiveCfg = Debug|x86
		{56208A95-F43A-48F1-A878-528DDB8B2F90}.Debug|x86.Build.0 = Debug|x86
		{56208A95-F43A-48F1-A878-528DDB8B2F90}.Release|Any CPU.ActiveCfg = Release|x86
		{56208A95-F43A-48F1-A878-528DDB8B2F90}.Release|arm64.ActiveCfg = Release|arm64
		{56208A95-F43A-48F1-A878-528DDB8B2F90}.Release|arm64.Build.0 = Release|arm64
		{56208A95-F43A-48F1-A878-528DDB8B2F90}.Release|x64.ActiveCfg = Release|x64
		{56208A95-F43A-48F1-A878-528DDB8B2F90}.Release|x64.Build.0 = Release|x64
		{56208A95-F43A-48F1-A878-528DDB8B2F90}.Release|x86.ActiveCfg = Release|x86
		{56208A95-F43A-48F1-A878-528DDB8B2F90}.Release|x86.Build.0 = Release|x86
		{B4251583-9984-4E9C-95F0-12AF73D3E9D9}.Debug|Any CPU.ActiveCfg = Debug|Any CPU
		{B4251583-9984-4E9C-95F0-12AF73D3E9D9}.Debug|Any CPU.Build.0 = Debug|Any CPU
		{B4251583-9984-4E9C-95F0-12AF73D3E9D9}.Debug|arm64.ActiveCfg = Debug|Any CPU
		{B4251583-9984-4E9C-95F0-12AF73D3E9D9}.Debug|arm64.Build.0 = Debug|Any CPU
		{B4251583-9984-4E9C-95F0-12AF73D3E9D9}.Debug|x64.ActiveCfg = Debug|Any CPU
		{B4251583-9984-4E9C-95F0-12AF73D3E9D9}.Debug|x64.Build.0 = Debug|Any CPU
		{B4251583-9984-4E9C-95F0-12AF73D3E9D9}.Debug|x86.ActiveCfg = Debug|Any CPU
		{B4251583-9984-4E9C-95F0-12AF73D3E9D9}.Debug|x86.Build.0 = Debug|Any CPU
		{B4251583-9984-4E9C-95F0-12AF73D3E9D9}.Release|Any CPU.ActiveCfg = Release|Any CPU
		{B4251583-9984-4E9C-95F0-12AF73D3E9D9}.Release|Any CPU.Build.0 = Release|Any CPU
		{B4251583-9984-4E9C-95F0-12AF73D3E9D9}.Release|arm64.ActiveCfg = Release|Any CPU
		{B4251583-9984-4E9C-95F0-12AF73D3E9D9}.Release|arm64.Build.0 = Release|Any CPU
		{B4251583-9984-4E9C-95F0-12AF73D3E9D9}.Release|x64.ActiveCfg = Release|Any CPU
		{B4251583-9984-4E9C-95F0-12AF73D3E9D9}.Release|x64.Build.0 = Release|Any CPU
		{B4251583-9984-4E9C-95F0-12AF73D3E9D9}.Release|x86.ActiveCfg = Release|Any CPU
		{B4251583-9984-4E9C-95F0-12AF73D3E9D9}.Release|x86.Build.0 = Release|Any CPU
		{52A30ABF-FDB3-4A83-ACAF-19CE7D392B99}.Debug|Any CPU.ActiveCfg = Debug|Any CPU
		{52A30ABF-FDB3-4A83-ACAF-19CE7D392B99}.Debug|Any CPU.Build.0 = Debug|Any CPU
		{52A30ABF-FDB3-4A83-ACAF-19CE7D392B99}.Debug|arm64.ActiveCfg = Debug|Any CPU
		{52A30ABF-FDB3-4A83-ACAF-19CE7D392B99}.Debug|arm64.Build.0 = Debug|Any CPU
		{52A30ABF-FDB3-4A83-ACAF-19CE7D392B99}.Debug|x64.ActiveCfg = Debug|Any CPU
		{52A30ABF-FDB3-4A83-ACAF-19CE7D392B99}.Debug|x64.Build.0 = Debug|Any CPU
		{52A30ABF-FDB3-4A83-ACAF-19CE7D392B99}.Debug|x86.ActiveCfg = Debug|Any CPU
		{52A30ABF-FDB3-4A83-ACAF-19CE7D392B99}.Debug|x86.Build.0 = Debug|Any CPU
		{52A30ABF-FDB3-4A83-ACAF-19CE7D392B99}.Release|Any CPU.ActiveCfg = Release|Any CPU
		{52A30ABF-FDB3-4A83-ACAF-19CE7D392B99}.Release|Any CPU.Build.0 = Release|Any CPU
		{52A30ABF-FDB3-4A83-ACAF-19CE7D392B99}.Release|arm64.ActiveCfg = Release|Any CPU
		{52A30ABF-FDB3-4A83-ACAF-19CE7D392B99}.Release|arm64.Build.0 = Release|Any CPU
		{52A30ABF-FDB3-4A83-ACAF-19CE7D392B99}.Release|x64.ActiveCfg = Release|Any CPU
		{52A30ABF-FDB3-4A83-ACAF-19CE7D392B99}.Release|x64.Build.0 = Release|Any CPU
		{52A30ABF-FDB3-4A83-ACAF-19CE7D392B99}.Release|x86.ActiveCfg = Release|Any CPU
		{52A30ABF-FDB3-4A83-ACAF-19CE7D392B99}.Release|x86.Build.0 = Release|Any CPU
		{4CBD7EEB-0898-45E4-903A-D5E4C9D3FD52}.Debug|Any CPU.ActiveCfg = Debug|Any CPU
		{4CBD7EEB-0898-45E4-903A-D5E4C9D3FD52}.Debug|Any CPU.Build.0 = Debug|Any CPU
		{4CBD7EEB-0898-45E4-903A-D5E4C9D3FD52}.Debug|arm64.ActiveCfg = Debug|Any CPU
		{4CBD7EEB-0898-45E4-903A-D5E4C9D3FD52}.Debug|arm64.Build.0 = Debug|Any CPU
		{4CBD7EEB-0898-45E4-903A-D5E4C9D3FD52}.Debug|x64.ActiveCfg = Debug|Any CPU
		{4CBD7EEB-0898-45E4-903A-D5E4C9D3FD52}.Debug|x64.Build.0 = Debug|Any CPU
		{4CBD7EEB-0898-45E4-903A-D5E4C9D3FD52}.Debug|x86.ActiveCfg = Debug|Any CPU
		{4CBD7EEB-0898-45E4-903A-D5E4C9D3FD52}.Debug|x86.Build.0 = Debug|Any CPU
		{4CBD7EEB-0898-45E4-903A-D5E4C9D3FD52}.Release|Any CPU.ActiveCfg = Release|Any CPU
		{4CBD7EEB-0898-45E4-903A-D5E4C9D3FD52}.Release|Any CPU.Build.0 = Release|Any CPU
		{4CBD7EEB-0898-45E4-903A-D5E4C9D3FD52}.Release|arm64.ActiveCfg = Release|Any CPU
		{4CBD7EEB-0898-45E4-903A-D5E4C9D3FD52}.Release|arm64.Build.0 = Release|Any CPU
		{4CBD7EEB-0898-45E4-903A-D5E4C9D3FD52}.Release|x64.ActiveCfg = Release|Any CPU
		{4CBD7EEB-0898-45E4-903A-D5E4C9D3FD52}.Release|x64.Build.0 = Release|Any CPU
		{4CBD7EEB-0898-45E4-903A-D5E4C9D3FD52}.Release|x86.ActiveCfg = Release|Any CPU
		{4CBD7EEB-0898-45E4-903A-D5E4C9D3FD52}.Release|x86.Build.0 = Release|Any CPU
	EndGlobalSection
	GlobalSection(SolutionProperties) = preSolution
		HideSolutionNode = FALSE
	EndGlobalSection
	GlobalSection(NestedProjects) = preSolution
		{CB3BA613-021E-4444-95F1-89D049E10C1D} = {EFCF8E62-9291-4F77-89BC-A7187C58329B}
		{750F17C1-17FD-4922-B321-D2D6673ACC44} = {48283483-E98C-44C1-9F28-2D12507C4E94}
		{659E7017-51AB-4130-ACED-C1D436460E22} = {EFCF8E62-9291-4F77-89BC-A7187C58329B}
		{32A024D0-CDE0-4147-8063-033F8F4C6E4E} = {4209694B-2ECF-49C4-B67B-AE1454D9F478}
		{A75161C4-6C30-4770-8489-2EEA2039BE40} = {F2AE4B63-A749-4166-A92B-45C49AA1B2BE}
		{7578FA61-22E4-4B71-BF79-23FE8886D35E} = {F2AE4B63-A749-4166-A92B-45C49AA1B2BE}
		{B9930D26-353A-4EAD-BA69-2386F24285DD} = {4209694B-2ECF-49C4-B67B-AE1454D9F478}
		{E5839442-8CBA-4AEC-A567-F161E5A53611} = {24953924-0E39-4441-884F-873226333129}
		{FD0AC89A-2069-4DB6-92C3-D1A0D4E90CE8} = {F2AE4B63-A749-4166-A92B-45C49AA1B2BE}
		{9C560EE9-1F50-4159-B12E-546104F013FC} = {C15AF901-481B-498D-A393-B79F712BFC3E}
		{56208A95-F43A-48F1-A878-528DDB8B2F90} = {C15AF901-481B-498D-A393-B79F712BFC3E}
		{B4251583-9984-4E9C-95F0-12AF73D3E9D9} = {C15AF901-481B-498D-A393-B79F712BFC3E}
		{52A30ABF-FDB3-4A83-ACAF-19CE7D392B99} = {48283483-E98C-44C1-9F28-2D12507C4E94}
		{4CBD7EEB-0898-45E4-903A-D5E4C9D3FD52} = {C15AF901-481B-498D-A393-B79F712BFC3E}
	EndGlobalSection
	GlobalSection(ExtensibilityGlobals) = postSolution
		SolutionGuid = {F32025E0-5A64-46C6-AFA1-4D70CEC39516}
	EndGlobalSection
EndGlobal
