
Microsoft Visual Studio Solution File, Format Version 12.00
# Visual Studio Version 16
VisualStudioVersion = 16.0.31321.278
MinimumVisualStudioVersion = 10.0.40219.1
Project("{9A19103F-16F7-4668-BE54-9A1E7A4F7556}") = "FleetManagement.Domain", "FleetManagment.Domain\FleetManagement.Domain.csproj", "{B6BB2496-D84A-4531-B29E-ACAD778EC626}"
EndProject
Project("{9A19103F-16F7-4668-BE54-9A1E7A4F7556}") = "FleetManagement.DAL", "FleetManagment.DAL\FleetManagement.DAL.csproj", "{4B08ABB9-8FAC-48DD-AEE1-188C683DFB2F}"
EndProject
Project("{9A19103F-16F7-4668-BE54-9A1E7A4F7556}") = "FleetManagment.WriteAPI", "FleetManagment.WriteAPI\FleetManagment.WriteAPI.csproj", "{735EAFA2-1806-464F-A52A-090A530C7910}"
EndProject
Project("{9A19103F-16F7-4668-BE54-9A1E7A4F7556}") = "FleetManagment.ReadAPI", "FleetManagment.ReadAPI\FleetManagment.ReadAPI.csproj", "{5810315D-033D-4621-AAD1-C7A6FA7A48C0}"
EndProject
Project("{9A19103F-16F7-4668-BE54-9A1E7A4F7556}") = "FleetManagement.BL", "FleetManagment.BL\FleetManagement.BL.csproj", "{879E4F03-471D-4204-8F8B-42EA21E1E1B7}"
EndProject
Project("{FAE04EC0-301F-11D3-BF4B-00C04F79EFBC}") = "FleetManagement.Seed", "FleetManagement.Seed\FleetManagement.Seed.csproj", "{CB3BA613-021E-4444-95F1-89D049E10C1D}"
EndProject
Global
	GlobalSection(SolutionConfigurationPlatforms) = preSolution
		Debug|Any CPU = Debug|Any CPU
		Release|Any CPU = Release|Any CPU
	EndGlobalSection
	GlobalSection(ProjectConfigurationPlatforms) = postSolution
		{B6BB2496-D84A-4531-B29E-ACAD778EC626}.Debug|Any CPU.ActiveCfg = Debug|Any CPU
		{B6BB2496-D84A-4531-B29E-ACAD778EC626}.Debug|Any CPU.Build.0 = Debug|Any CPU
		{B6BB2496-D84A-4531-B29E-ACAD778EC626}.Release|Any CPU.ActiveCfg = Release|Any CPU
		{B6BB2496-D84A-4531-B29E-ACAD778EC626}.Release|Any CPU.Build.0 = Release|Any CPU
		{4B08ABB9-8FAC-48DD-AEE1-188C683DFB2F}.Debug|Any CPU.ActiveCfg = Debug|Any CPU
		{4B08ABB9-8FAC-48DD-AEE1-188C683DFB2F}.Debug|Any CPU.Build.0 = Debug|Any CPU
		{4B08ABB9-8FAC-48DD-AEE1-188C683DFB2F}.Release|Any CPU.ActiveCfg = Release|Any CPU
		{4B08ABB9-8FAC-48DD-AEE1-188C683DFB2F}.Release|Any CPU.Build.0 = Release|Any CPU
		{735EAFA2-1806-464F-A52A-090A530C7910}.Debug|Any CPU.ActiveCfg = Debug|Any CPU
		{735EAFA2-1806-464F-A52A-090A530C7910}.Debug|Any CPU.Build.0 = Debug|Any CPU
		{735EAFA2-1806-464F-A52A-090A530C7910}.Release|Any CPU.ActiveCfg = Release|Any CPU
		{735EAFA2-1806-464F-A52A-090A530C7910}.Release|Any CPU.Build.0 = Release|Any CPU
		{5810315D-033D-4621-AAD1-C7A6FA7A48C0}.Debug|Any CPU.ActiveCfg = Debug|Any CPU
		{5810315D-033D-4621-AAD1-C7A6FA7A48C0}.Debug|Any CPU.Build.0 = Debug|Any CPU
		{5810315D-033D-4621-AAD1-C7A6FA7A48C0}.Release|Any CPU.ActiveCfg = Release|Any CPU
		{5810315D-033D-4621-AAD1-C7A6FA7A48C0}.Release|Any CPU.Build.0 = Release|Any CPU
		{879E4F03-471D-4204-8F8B-42EA21E1E1B7}.Debug|Any CPU.ActiveCfg = Debug|Any CPU
		{879E4F03-471D-4204-8F8B-42EA21E1E1B7}.Debug|Any CPU.Build.0 = Debug|Any CPU
		{879E4F03-471D-4204-8F8B-42EA21E1E1B7}.Release|Any CPU.ActiveCfg = Release|Any CPU
		{879E4F03-471D-4204-8F8B-42EA21E1E1B7}.Release|Any CPU.Build.0 = Release|Any CPU
		{CB3BA613-021E-4444-95F1-89D049E10C1D}.Debug|Any CPU.ActiveCfg = Debug|Any CPU
		{CB3BA613-021E-4444-95F1-89D049E10C1D}.Debug|Any CPU.Build.0 = Debug|Any CPU
		{CB3BA613-021E-4444-95F1-89D049E10C1D}.Release|Any CPU.ActiveCfg = Release|Any CPU
		{CB3BA613-021E-4444-95F1-89D049E10C1D}.Release|Any CPU.Build.0 = Release|Any CPU
	EndGlobalSection
	GlobalSection(SolutionProperties) = preSolution
		HideSolutionNode = FALSE
	EndGlobalSection
	GlobalSection(ExtensibilityGlobals) = postSolution
		SolutionGuid = {F32025E0-5A64-46C6-AFA1-4D70CEC39516}
	EndGlobalSection
EndGlobal
